
Microsoft Visual Studio Solution File, Format Version 12.00
# Visual Studio Version 17
VisualStudioVersion = 17.6.33815.320
MinimumVisualStudioVersion = 10.0.40219.1
Project("{FAE04EC0-301F-11D3-BF4B-00C04F79EFBC}") = "delegate", "delegate\delegate.csproj", "{58A856A3-27B0-40F9-83A0-6C7DE33A0C3C}"
EndProject
Global
	GlobalSection(SolutionConfigurationPlatforms) = preSolution
		Debug|Any CPU = Debug|Any CPU
		Release|Any CPU = Release|Any CPU
	EndGlobalSection
	GlobalSection(ProjectConfigurationPlatforms) = postSolution
		{58A856A3-27B0-40F9-83A0-6C7DE33A0C3C}.Debug|Any CPU.ActiveCfg = Debug|Any CPU
		{58A856A3-27B0-40F9-83A0-6C7DE33A0C3C}.Debug|Any CPU.Build.0 = Debug|Any CPU
		{58A856A3-27B0-40F9-83A0-6C7DE33A0C3C}.Release|Any CPU.ActiveCfg = Release|Any CPU
		{58A856A3-27B0-40F9-83A0-6C7DE33A0C3C}.Release|Any CPU.Build.0 = Release|Any CPU
	EndGlobalSection
	GlobalSection(SolutionProperties) = preSolution
		HideSolutionNode = FALSE
	EndGlobalSection
	GlobalSection(ExtensibilityGlobals) = postSolution
		SolutionGuid = {D81FC055-3651-4734-A856-07051DA7E720}
	EndGlobalSection
EndGlobal
