
Microsoft Visual Studio Solution File, Format Version 12.00
# Visual Studio Version 17
VisualStudioVersion = 17.6.33815.320
MinimumVisualStudioVersion = 10.0.40219.1
Project("{FAE04EC0-301F-11D3-BF4B-00C04F79EFBC}") = "AnonymousMethod", "AnonymousMethod\AnonymousMethod.csproj", "{68B96D9E-0681-42D2-802B-65EEC03F6478}"
EndProject
Global
	GlobalSection(SolutionConfigurationPlatforms) = preSolution
		Debug|Any CPU = Debug|Any CPU
		Release|Any CPU = Release|Any CPU
	EndGlobalSection
	GlobalSection(ProjectConfigurationPlatforms) = postSolution
		{68B96D9E-0681-42D2-802B-65EEC03F6478}.Debug|Any CPU.ActiveCfg = Debug|Any CPU
		{68B96D9E-0681-42D2-802B-65EEC03F6478}.Debug|Any CPU.Build.0 = Debug|Any CPU
		{68B96D9E-0681-42D2-802B-65EEC03F6478}.Release|Any CPU.ActiveCfg = Release|Any CPU
		{68B96D9E-0681-42D2-802B-65EEC03F6478}.Release|Any CPU.Build.0 = Release|Any CPU
	EndGlobalSection
	GlobalSection(SolutionProperties) = preSolution
		HideSolutionNode = FALSE
	EndGlobalSection
	GlobalSection(ExtensibilityGlobals) = postSolution
		SolutionGuid = {9A3EFD17-6087-4CE2-8EB1-BB9E8A05183D}
	EndGlobalSection
EndGlobal
