
Microsoft Visual Studio Solution File, Format Version 12.00
# Visual Studio Version 17
VisualStudioVersion = 17.6.33815.320
MinimumVisualStudioVersion = 10.0.40219.1
Project("{FAE04EC0-301F-11D3-BF4B-00C04F79EFBC}") = "Part-2", "Part-2\Part-2.csproj", "{4ED79630-AD00-4FC1-8AA5-87AC6E450796}"
EndProject
Global
	GlobalSection(SolutionConfigurationPlatforms) = preSolution
		Debug|Any CPU = Debug|Any CPU
		Release|Any CPU = Release|Any CPU
	EndGlobalSection
	GlobalSection(ProjectConfigurationPlatforms) = postSolution
		{4ED79630-AD00-4FC1-8AA5-87AC6E450796}.Debug|Any CPU.ActiveCfg = Debug|Any CPU
		{4ED79630-AD00-4FC1-8AA5-87AC6E450796}.Debug|Any CPU.Build.0 = Debug|Any CPU
		{4ED79630-AD00-4FC1-8AA5-87AC6E450796}.Release|Any CPU.ActiveCfg = Release|Any CPU
		{4ED79630-AD00-4FC1-8AA5-87AC6E450796}.Release|Any CPU.Build.0 = Release|Any CPU
	EndGlobalSection
	GlobalSection(SolutionProperties) = preSolution
		HideSolutionNode = FALSE
	EndGlobalSection
	GlobalSection(ExtensibilityGlobals) = postSolution
		SolutionGuid = {1F344E7E-C8DE-4552-901E-5E4EEFE81096}
	EndGlobalSection
EndGlobal
